{
  "name": "openclaw-command-center",
  "version": "0.1.0",
  "lockfileVersion": 3,
  "requires": true,
  "packages": {
    "": {
      "name": "openclaw-command-center",
      "version": "0.1.0",
      "dependencies": { "openclaw": "2026.8.1-beta.2" },
      "devDependencies": { "playwright": "1.62.1", "playwright-core": "1.62.1" },
      "commandCenter": {
        "runtimeCapability": {
          "id": "openclaw-control-ui-v1",
          "sourceGraph": "./runtime-capability.source-graph.json"
        },
        "compatibilityTuple": {
          "formatVersion": 1,
          "host": { "range": "=2026.8.1-beta.2", "commit": "8f382a202ff1e15833394b481615dcdda99b04d7" },
          "pluginApi": { "package": "openclaw", "range": "=2026.8.1-beta.2" },
          "commandCenterSchema": { "readable": { "min": 1, "max": 1 }, "writable": { "min": 1, "max": 1 } },
          "capabilityBridgeProtocol": { "min": 1, "max": 1 }
        }
      },
      "openclaw": {
        "extensions": ["./dist/plugin.mjs"],
        "compat": { "pluginApi": "=2026.8.1-beta.2" }
      }
    },
    "node_modules/openclaw": { "version": "2026.8.1-beta.2", "dev": false },
    "node_modules/playwright": {
      "version": "1.62.1",
      "dev": true,
      "dependencies": { "playwright-core": "1.62.1" },
      "bin": { "playwright": "cli.js" }
    },
    "node_modules/playwright-core": { "version": "1.62.1", "dev": true, "bin": { "playwright-core": "cli.js" } }
  }
}
